
Microsoft Visual Studio Solution File, Format Version 12.00
# Visual Studio Version 17
VisualStudioVersion = 17.7.34221.43
MinimumVisualStudioVersion = 10.0.40219.1
Project("{FAE04EC0-301F-11D3-BF4B-00C04F79EFBC}") = "HAPasses", "HAPasses\HAPasses.csproj", "{C009216E-91C6-43F3-83C5-14DCF335CFBB}"
EndProject
Global
	GlobalSection(SolutionConfigurationPlatforms) = preSolution
		Debug|Any CPU = Debug|Any CPU
		Release|Any CPU = Release|Any CPU
	EndGlobalSection
	GlobalSection(ProjectConfigurationPlatforms) = postSolution
		{C009216E-91C6-43F3-83C5-14DCF335CFBB}.Debug|Any CPU.ActiveCfg = Debug|Any CPU
		{C009216E-91C6-43F3-83C5-14DCF335CFBB}.Debug|Any CPU.Build.0 = Debug|Any CPU
		{C009216E-91C6-43F3-83C5-14DCF335CFBB}.Release|Any CPU.ActiveCfg = Release|Any CPU
		{C009216E-91C6-43F3-83C5-14DCF335CFBB}.Release|Any CPU.Build.0 = Release|Any CPU
	EndGlobalSection
	GlobalSection(SolutionProperties) = preSolution
		HideSolutionNode = FALSE
	EndGlobalSection
	GlobalSection(ExtensibilityGlobals) = postSolution
		SolutionGuid = {942D6B4D-180A-40F6-B201-30956EF3F183}
	EndGlobalSection
EndGlobal
